
Microsoft Visual Studio Solution File, Format Version 12.00
# Visual Studio Version 16
VisualStudioVersion = 16.0.31727.386
MinimumVisualStudioVersion = 10.0.40219.1
Project("{FAE04EC0-301F-11D3-BF4B-00C04F79EFBC}") = "AnnoyngPopUps", "AnnoyngPopUps\AnnoyngPopUps.csproj", "{7116739A-D733-4394-9321-04DC07363E68}"
EndProject
Global
	GlobalSection(SolutionConfigurationPlatforms) = preSolution
		Debug|Any CPU = Debug|Any CPU
		Release|Any CPU = Release|Any CPU
	EndGlobalSection
	GlobalSection(ProjectConfigurationPlatforms) = postSolution
		{7116739A-D733-4394-9321-04DC07363E68}.Debug|Any CPU.ActiveCfg = Debug|Any CPU
		{7116739A-D733-4394-9321-04DC07363E68}.Debug|Any CPU.Build.0 = Debug|Any CPU
		{7116739A-D733-4394-9321-04DC07363E68}.Release|Any CPU.ActiveCfg = Release|Any CPU
		{7116739A-D733-4394-9321-04DC07363E68}.Release|Any CPU.Build.0 = Release|Any CPU
	EndGlobalSection
	GlobalSection(SolutionProperties) = preSolution
		HideSolutionNode = FALSE
	EndGlobalSection
	GlobalSection(ExtensibilityGlobals) = postSolution
		SolutionGuid = {41F603BB-D0BD-4FBF-AA10-7630BA8E5FDB}
	EndGlobalSection
EndGlobal
